
Microsoft Visual Studio Solution File, Format Version 12.00
# Visual Studio 14
VisualStudioVersion = 14.0.23107.0
MinimumVisualStudioVersion = 10.0.40219.1
Project("{FAE04EC0-301F-11D3-BF4B-00C04F79EFBC}") = "Problems1-10", "Problems1-10\Problems1-10.csproj", "{0D9E0284-52CF-4880-9D0F-DDC8C520EA93}"
EndProject
Project("{FAE04EC0-301F-11D3-BF4B-00C04F79EFBC}") = "EulerLib", "EulerLib\EulerLib.csproj", "{55A7B77B-E41F-4FBD-9387-EBABBB48C41A}"
EndProject
Global
	GlobalSection(SolutionConfigurationPlatforms) = preSolution
		Debug|Any CPU = Debug|Any CPU
		Release|Any CPU = Release|Any CPU
	EndGlobalSection
	GlobalSection(ProjectConfigurationPlatforms) = postSolution
		{0D9E0284-52CF-4880-9D0F-DDC8C520EA93}.Debug|Any CPU.ActiveCfg = Debug|Any CPU
		{0D9E0284-52CF-4880-9D0F-DDC8C520EA93}.Debug|Any CPU.Build.0 = Debug|Any CPU
		{0D9E0284-52CF-4880-9D0F-DDC8C520EA93}.Release|Any CPU.ActiveCfg = Release|Any CPU
		{0D9E0284-52CF-4880-9D0F-DDC8C520EA93}.Release|Any CPU.Build.0 = Release|Any CPU
		{55A7B77B-E41F-4FBD-9387-EBABBB48C41A}.Debug|Any CPU.ActiveCfg = Debug|Any CPU
		{55A7B77B-E41F-4FBD-9387-EBABBB48C41A}.Debug|Any CPU.Build.0 = Debug|Any CPU
		{55A7B77B-E41F-4FBD-9387-EBABBB48C41A}.Release|Any CPU.ActiveCfg = Release|Any CPU
		{55A7B77B-E41F-4FBD-9387-EBABBB48C41A}.Release|Any CPU.Build.0 = Release|Any CPU
	EndGlobalSection
	GlobalSection(SolutionProperties) = preSolution
		HideSolutionNode = FALSE
	EndGlobalSection
EndGlobal
